// !$*UTF8*$!
{
	archiveVersion = 1;
	classes = {
	};
	objectVersion = 46;
	objects = {

/* Begin PBXBuildFile section */
		133285531DA6C19600AFE682 /* MyTableViewController.swift in Sources */ = {isa = PBXBuildFile; fileRef = 133285521DA6C19600AFE682 /* MyTableViewController.swift */; };
		1370EE4F1D9D7A8F00581B9B /* AppDelegate.swift in Sources */ = {isa = PBXBuildFile; fileRef = 1370EE4E1D9D7A8F00581B9B /* AppDelegate.swift */; };
		1370EE511D9D7A8F00581B9B /* ViewController.swift in Sources */ = {isa = PBXBuildFile; fileRef = 1370EE501D9D7A8F00581B9B /* ViewController.swift */; };
		1370EE541D9D7A8F00581B9B /* Main.storyboard in Resources */ = {isa = PBXBuildFile; fileRef = 1370EE521D9D7A8F00581B9B /* Main.storyboard */; };
		1370EE561D9D7A8F00581B9B /* Assets.xcassets in Resources */ = {isa = PBXBuildFile; fileRef = 1370EE551D9D7A8F00581B9B /* Assets.xcassets */; };
		1370EE591D9D7A8F00581B9B /* LaunchScreen.storyboard in Resources */ = {isa = PBXBuildFile; fileRef = 1370EE571D9D7A8F00581B9B /* LaunchScreen.storyboard */; };
		1370EE641D9D7A8F00581B9B /* SpeakerTextFieldTests.swift in Sources */ = {isa = PBXBuildFile; fileRef = 1370EE631D9D7A8F00581B9B /* SpeakerTextFieldTests.swift */; };
/* End PBXBuildFile section */

/* Begin PBXContainerItemProxy section */
		1370EE601D9D7A8F00581B9B /* PBXContainerItemProxy */ = {
			isa = PBXContainerItemProxy;
			containerPortal = 1370EE431D9D7A8E00581B9B /* Project object */;
			proxyType = 1;
			remoteGlobalIDString = 1370EE4A1D9D7A8E00581B9B;
			remoteInfo = SpeakerTextField;
		};
/* End PBXContainerItemProxy section */

/* Begin PBXFileReference section */
		133285521DA6C19600AFE682 /* MyTableViewController.swift */ = {isa = PBXFileReference; fileEncoding = 4; lastKnownFileType = sourcecode.swift; path = MyTableViewController.swift; sourceTree = "<group>"; };
		1370EE4B1D9D7A8F00581B9B /* SpeakerTextField.app */ = {isa = PBXFileReference; explicitFileType = wrapper.application; includeInIndex = 0; path = SpeakerTextField.app; sourceTree = BUILT_PRODUCTS_DIR; };
		1370EE4E1D9D7A8F00581B9B /* AppDelegate.swift */ = {isa = PBXFileReference; lastKnownFileType = sourcecode.swift; path = AppDelegate.swift; sourceTree = "<group>"; };
		1370EE501D9D7A8F00581B9B /* ViewController.swift */ = {isa = PBXFileReference; lastKnownFileType = sourcecode.swift; path = ViewController.swift; sourceTree = "<group>"; };
		1370EE531D9D7A8F00581B9B /* Base */ = {isa = PBXFileReference; lastKnownFileType = file.storyboard; name = Base; path = Base.lproj/Main.storyboard; sourceTree = "<group>"; };
		1370EE551D9D7A8F00581B9B /* Assets.xcassets */ = {isa = PBXFileReference; lastKnownFileType = folder.assetcatalog; path = Assets.xcassets; sourceTree = "<group>"; };
		1370EE581D9D7A8F00581B9B /* Base */ = {isa = PBXFileReference; lastKnownFileType = file.storyboard; name = Base; path = Base.lproj/LaunchScreen.storyboard; sourceTree = "<group>"; };
		1370EE5A1D9D7A8F00581B9B /* Info.plist */ = {isa = PBXFileReference; lastKnownFileType = text.plist.xml; path = Info.plist; sourceTree = "<group>"; };
		1370EE5F1D9D7A8F00581B9B /* SpeakerTextFieldTests.xctest */ = {isa = PBXFileReference; explicitFileType = wrapper.cfbundle; includeInIndex = 0; path = SpeakerTextFieldTests.xctest; sourceTree = BUILT_PRODUCTS_DIR; };
		1370EE631D9D7A8F00581B9B /* SpeakerTextFieldTests.swift */ = {isa = PBXFileReference; lastKnownFileType = sourcecode.swift; path = SpeakerTextFieldTests.swift; sourceTree = "<group>"; };
		1370EE651D9D7A8F00581B9B /* Info.plist */ = {isa = PBXFileReference; lastKnownFileType = text.plist.xml; path = Info.plist; sourceTree = "<group>"; };
/* End PBXFileReference section */

/* Begin PBXFrameworksBuildPhase section */
		1370EE481D9D7A8E00581B9B /* Frameworks */ = {
			isa = PBXFrameworksBuildPhase;
			buildActionMask = 2147483647;
			files = (
			);
			runOnlyForDeploymentPostprocessing = 0;
		};
		1370EE5C1D9D7A8F00581B9B /* Frameworks */ = {
			isa = PBXFrameworksBuildPhase;
			buildActionMask = 2147483647;
			files = (
			);
			runOnlyForDeploymentPostprocessing = 0;
		};
/* End PBXFrameworksBuildPhase section */

/* Begin PBXGroup section */
		1370EE421D9D7A8E00581B9B = {
			isa = PBXGroup;
			children = (
				1370EE4D1D9D7A8F00581B9B /* SpeakerTextField */,
				1370EE621D9D7A8F00581B9B /* SpeakerTextFieldTests */,
				1370EE4C1D9D7A8F00581B9B /* Products */,
			);
			sourceTree = "<group>";
		};
		1370EE4C1D9D7A8F00581B9B /* Products */ = {
			isa = PBXGroup;
			children = (
				1370EE4B1D9D7A8F00581B9B /* SpeakerTextField.app */,
				1370EE5F1D9D7A8F00581B9B /* SpeakerTextFieldTests.xctest */,
			);
			name = Products;
			sourceTree = "<group>";
		};
		1370EE4D1D9D7A8F00581B9B /* SpeakerTextField */ = {
			isa = PBXGroup;
			children = (
				1370EE4E1D9D7A8F00581B9B /* AppDelegate.swift */,
				1370EE501D9D7A8F00581B9B /* ViewController.swift */,
				133285521DA6C19600AFE682 /* MyTableViewController.swift */,
				1370EE521D9D7A8F00581B9B /* Main.storyboard */,
				1370EE551D9D7A8F00581B9B /* Assets.xcassets */,
				1370EE571D9D7A8F00581B9B /* LaunchScreen.storyboard */,
				1370EE5A1D9D7A8F00581B9B /* Info.plist */,
			);
			path = SpeakerTextField;
			sourceTree = "<group>";
		};
		1370EE621D9D7A8F00581B9B /* SpeakerTextFieldTests */ = {
			isa = PBXGroup;
			children = (
				1370EE631D9D7A8F00581B9B /* SpeakerTextFieldTests.swift */,
				1370EE651D9D7A8F00581B9B /* Info.plist */,
			);
			path = SpeakerTextFieldTests;
			sourceTree = "<group>";
		};
/* End PBXGroup section */

/* Begin PBXNativeTarget section */
		1370EE4A1D9D7A8E00581B9B /* SpeakerTextField */ = {
			isa = PBXNativeTarget;
			buildConfigurationList = 1370EE681D9D7A8F00581B9B /* Build configuration list for PBXNativeTarget "SpeakerTextField" */;
			buildPhases = (
				1370EE471D9D7A8E00581B9B /* Sources */,
				1370EE481D9D7A8E00581B9B /* Frameworks */,
				1370EE491D9D7A8E00581B9B /* Resources */,
			);
			buildRules = (
			);
			dependencies = (
			);
			name = SpeakerTextField;
			productName = SpeakerTextField;
			productReference = 1370EE4B1D9D7A8F00581B9B /* SpeakerTextField.app */;
			productType = "com.apple.product-type.application";
		};
		1370EE5E1D9D7A8F00581B9B /* SpeakerTextFieldTests */ = {
			isa = PBXNativeTarget;
			buildConfigurationList = 1370EE6B1D9D7A8F00581B9B /* Build configuration list for PBXNativeTarget "SpeakerTextFieldTests" */;
			buildPhases = (
				1370EE5B1D9D7A8F00581B9B /* Sources */,
				1370EE5C1D9D7A8F00581B9B /* Frameworks */,
				1370EE5D1D9D7A8F00581B9B /* Resources */,
			);
			buildRules = (
			);
			dependencies = (
				1370EE611D9D7A8F00581B9B /* PBXTargetDependency */,
			);
			name = SpeakerTextFieldTests;
			productName = SpeakerTextFieldTests;
			productReference = 1370EE5F1D9D7A8F00581B9B /* SpeakerTextFieldTests.xctest */;
			productType = "com.apple.product-type.bundle.unit-test";
		};
/* End PBXNativeTarget section */

/* Begin PBXProject section */
		1370EE431D9D7A8E00581B9B /* Project object */ = {
			isa = PBXProject;
			attributes = {
				LastSwiftUpdateCheck = 0800;
				LastUpgradeCheck = 0800;
				ORGANIZATIONNAME = Dachang;
				TargetAttributes = {
					1370EE4A1D9D7A8E00581B9B = {
						CreatedOnToolsVersion = 8.0;
						ProvisioningStyle = Automatic;
					};
					1370EE5E1D9D7A8F00581B9B = {
						CreatedOnToolsVersion = 8.0;
						ProvisioningStyle = Automatic;
						TestTargetID = 1370EE4A1D9D7A8E00581B9B;
					};
				};
			};
			buildConfigurationList = 1370EE461D9D7A8E00581B9B /* Build configuration list for PBXProject "SpeakerTextField" */;
			compatibilityVersion = "Xcode 3.2";
			developmentRegion = English;
			hasScannedForEncodings = 0;
			knownRegions = (
				en,
				Base,
			);
			mainGroup = 1370EE421D9D7A8E00581B9B;
			productRefGroup = 1370EE4C1D9D7A8F00581B9B /* Products */;
			projectDirPath = "";
			projectRoot = "";
			targets = (
				1370EE4A1D9D7A8E00581B9B /* SpeakerTextField */,
				1370EE5E1D9D7A8F00581B9B /* SpeakerTextFieldTests */,
			);
		};
/* End PBXProject section */

/* Begin PBXResourcesBuildPhase section */
		1370EE491D9D7A8E00581B9B /* Resources */ = {
			isa = PBXResourcesBuildPhase;
			buildActionMask = 2147483647;
			files = (
				1370EE591D9D7A8F00581B9B /* LaunchScreen.storyboard in Resources */,
				1370EE561D9D7A8F00581B9B /* Assets.xcassets in Resources */,
				1370EE541D9D7A8F00581B9B /* Main.storyboard in Resources */,
			);
			runOnlyForDeploymentPostprocessing = 0;
		};
		1370EE5D1D9D7A8F00581B9B /* Resources */ = {
			isa = PBXResourcesBuildPhase;
			buildActionMask = 2147483647;
			files = (
			);
			runOnlyForDeploymentPostprocessing = 0;
		};
/* End PBXResourcesBuildPhase section */

/* Begin PBXSourcesBuildPhase section */
		1370EE471D9D7A8E00581B9B /* Sources */ = {
			isa = PBXSourcesBuildPhase;
			buildActionMask = 2147483647;
			files = (
				1370EE511D9D7A8F00581B9B /* ViewController.swift in Sources */,
				133285531DA6C19600AFE682 /* MyTableViewController.swift in Sources */,
				1370EE4F1D9D7A8F00581B9B /* AppDelegate.swift in Sources */,
			);
			runOnlyForDeploymentPostprocessing = 0;
		};
		1370EE5B1D9D7A8F00581B9B /* Sources */ = {
			isa = PBXSourcesBuildPhase;
			buildActionMask = 2147483647;
			files = (
				1370EE641D9D7A8F00581B9B /* SpeakerTextFieldTests.swift in Sources */,
			);
			runOnlyForDeploymentPostprocessing = 0;
		};
/* End PBXSourcesBuildPhase section */

/* Begin PBXTargetDependency section */
		1370EE611D9D7A8F00581B9B /* PBXTargetDependency */ = {
			isa = PBXTargetDependency;
			target = 1370EE4A1D9D7A8E00581B9B /* SpeakerTextField */;
			targetProxy = 1370EE601D9D7A8F00581B9B /* PBXContainerItemProxy */;
		};
/* End PBXTargetDependency section */

/* Begin PBXVariantGroup section */
		1370EE521D9D7A8F00581B9B /* Main.storyboard */ = {
			isa = PBXVariantGroup;
			children = (
				1370EE531D9D7A8F00581B9B /* Base */,
			);
			name = Main.storyboard;
			sourceTree = "<group>";
		};
		1370EE571D9D7A8F00581B9B /* LaunchScreen.storyboard */ = {
			isa = PBXVariantGroup;
			children = (
				1370EE581D9D7A8F00581B9B /* Base */,
			);
			name = LaunchScreen.storyboard;
			sourceTree = "<group>";
		};
/* End PBXVariantGroup section */

/* Begin XCBuildConfiguration section */
		1370EE661D9D7A8F00581B9B /* Debug */ = {
			isa = XCBuildConfiguration;
			buildSettings = {
				ALWAYS_SEARCH_USER_PATHS = NO;
				CLANG_ANALYZER_NONNULL = YES;
				CLANG_CXX_LANGUAGE_STANDARD = "gnu++0x";
				CLANG_CXX_LIBRARY = "libc++";
				CLANG_ENABLE_MODULES = YES;
				CLANG_ENABLE_OBJC_ARC = YES;
				CLANG_WARN_BOOL_CONVERSION = YES;
				CLANG_WARN_CONSTANT_CONVERSION = YES;
				CLANG_WARN_DIRECT_OBJC_ISA_USAGE = YES_ERROR;
				CLANG_WARN_DOCUMENTATION_COMMENTS = YES;
				CLANG_WARN_EMPTY_BODY = YES;
				CLANG_WARN_ENUM_CONVERSION = YES;
				CLANG_WARN_INFINITE_RECURSION = YES;
				CLANG_WARN_INT_CONVERSION = YES;
				CLANG_WARN_OBJC_ROOT_CLASS = YES_ERROR;
				CLANG_WARN_SUSPICIOUS_MOVES = YES;
				CLANG_WARN_UNREACHABLE_CODE = YES;
				CLANG_WARN__DUPLICATE_METHOD_MATCH = YES;
				"CODE_SIGN_IDENTITY[sdk=iphoneos*]" = "iPhone Developer";
				COPY_PHASE_STRIP = NO;
				DEBUG_INFORMATION_FORMAT = dwarf;
				ENABLE_STRICT_OBJC_MSGSEND = YES;
				ENABLE_TESTABILITY = YES;
				GCC_C_LANGUAGE_STANDARD = gnu99;
				GCC_DYNAMIC_NO_PIC = NO;
				GCC_NO_COMMON_BLOCKS = YES;
				GCC_OPTIMIZATION_LEVEL = 0;
				GCC_PREPROCESSOR_DEFINITIONS = (
					"DEBUG=1",
					"$(inherited)",
				);
				GCC_WARN_64_TO_32_BIT_CONVERSION = YES;
				GCC_WARN_ABOUT_RETURN_TYPE = YES_ERROR;
				GCC_WARN_UNDECLARED_SELECTOR = YES;
				GCC_WARN_UNINITIALIZED_AUTOS = YES_AGGRESSIVE;
				GCC_WARN_UNUSED_FUNCTION = YES;
				GCC_WARN_UNUSED_VARIABLE = YES;
				IPHONEOS_DEPLOYMENT_TARGET = 10.0;
				MTL_ENABLE_DEBUG_INFO = YES;
				ONLY_ACTIVE_ARCH = YES;
				SDKROOT = iphoneos;
				SWIFT_ACTIVE_COMPILATION_CONDITIONS = DEBUG;
				SWIFT_OPTIMIZATION_LEVEL = "-Onone";
				TARGETED_DEVICE_FAMILY = "1,2";
			};
			name = Debug;
		};
		1370EE671D9D7A8F00581B9B /* Release */ = {
			isa = XCBuildConfiguration;
			buildSettings = {
				ALWAYS_SEARCH_USER_PATHS = NO;
				CLANG_ANALYZER_NONNULL = YES;
				CLANG_CXX_LANGUAGE_STANDARD = "gnu++0x";
				CLANG_CXX_LIBRARY = "libc++";
				CLANG_ENABLE_MODULES = YES;
				CLANG_ENABLE_OBJC_ARC = YES;
				CLANG_WARN_BOOL_CONVERSION = YES;
				CLANG_WARN_CONSTANT_CONVERSION = YES;
				CLANG_WARN_DIRECT_OBJC_ISA_USAGE = YES_ERROR;
				CLANG_WARN_DOCUMENTATION_COMMENTS = YES;
				CLANG_WARN_EMPTY_BODY = YES;
				CLANG_WARN_ENUM_CONVERSION = YES;
				CLANG_WARN_INFINITE_RECURSION = YES;
				CLANG_WARN_INT_CONVERSION = YES;
				CLANG_WARN_OBJC_ROOT_CLASS = YES_ERROR;
				CLANG_WARN_SUSPICIOUS_MOVES = YES;
				CLANG_WARN_UNREACHABLE_CODE = YES;
				CLANG_WARN__DUPLICATE_METHOD_MATCH = YES;
				"CODE_SIGN_IDENTITY[sdk=iphoneos*]" = "iPhone Developer";
				COPY_PHASE_STRIP = NO;
				DEBUG_INFORMATION_FORMAT = "dwarf-with-dsym";
				ENABLE_NS_ASSERTIONS = NO;
				ENABLE_STRICT_OBJC_MSGSEND = YES;
				GCC_C_LANGUAGE_STANDARD = gnu99;
				GCC_NO_COMMON_BLOCKS = YES;
				GCC_WARN_64_TO_32_BIT_CONVERSION = YES;
				GCC_WARN_ABOUT_RETURN_TYPE = YES_ERROR;
				GCC_WARN_UNDECLARED_SELECTOR = YES;
				GCC_WARN_UNINITIALIZED_AUTOS = YES_AGGRESSIVE;
				GCC_WARN_UNUSED_FUNCTION = YES;
				GCC_WARN_UNUSED_VARIABLE = YES;
				IPHONEOS_DEPLOYMENT_TARGET = 10.0;
				MTL_ENABLE_DEBUG_INFO = NO;
				SDKROOT = iphoneos;
				SWIFT_OPTIMIZATION_LEVEL = "-Owholemodule";
				TARGETED_DEVICE_FAMILY = "1,2";
				VALIDATE_PRODUCT = YES;
			};
			name = Release;
		};
		1370EE691D9D7A8F00581B9B /* Debug */ = {
			isa = XCBuildConfiguration;
			buildSettings = {
				ASSETCATALOG_COMPILER_APPICON_NAME = AppIcon;
				INFOPLIST_FILE = SpeakerTextField/Info.plist;
				LD_RUNPATH_SEARCH_PATHS = "$(inherited) @executable_path/Frameworks";
				PRODUCT_BUNDLE_IDENTIFIER = com.OceanDev.SpeakerTextField;
				PRODUCT_NAME = "$(TARGET_NAME)";
				SWIFT_VERSION = 3.0;
			};
			name = Debug;
		};
		1370EE6A1D9D7A8F00581B9B /* Release */ = {
			isa = XCBuildConfiguration;
			buildSettings = {
				ASSETCATALOG_COMPILER_APPICON_NAME = AppIcon;
				INFOPLIST_FILE = SpeakerTextField/Info.plist;
				LD_RUNPATH_SEARCH_PATHS = "$(inherited) @executable_path/Frameworks";
				PRODUCT_BUNDLE_IDENTIFIER = com.OceanDev.SpeakerTextField;
				PRODUCT_NAME = "$(TARGET_NAME)";
				SWIFT_VERSION = 3.0;
			};
			name = Release;
		};
		1370EE6C1D9D7A8F00581B9B /* Debug */ = {
			isa = XCBuildConfiguration;
			buildSettings = {
				ALWAYS_EMBED_SWIFT_STANDARD_LIBRARIES = YES;
				BUNDLE_LOADER = "$(TEST_HOST)";
				INFOPLIST_FILE = SpeakerTextFieldTests/Info.plist;
				LD_RUNPATH_SEARCH_PATHS = "$(inherited) @executable_path/Frameworks @loader_path/Frameworks";
				PRODUCT_BUNDLE_IDENTIFIER = com.OceanDev.SpeakerTextFieldTests;
				PRODUCT_NAME = "$(TARGET_NAME)";
				SWIFT_VERSION = 3.0;
				TEST_HOST = "$(BUILT_PRODUCTS_DIR)/SpeakerTextField.app/SpeakerTextField";
			};
			name = Debug;
		};
		1370EE6D1D9D7A8F00581B9B /* Release */ = {
			isa = XCBuildConfiguration;
			buildSettings = {
				ALWAYS_EMBED_SWIFT_STANDARD_LIBRARIES = YES;
				BUNDLE_LOADER = "$(TEST_HOST)";
				INFOPLIST_FILE = SpeakerTextFieldTests/Info.plist;
				LD_RUNPATH_SEARCH_PATHS = "$(inherited) @executable_path/Frameworks @loader_path/Frameworks";
				PRODUCT_BUNDLE_IDENTIFIER = com.OceanDev.SpeakerTextFieldTests;
				PRODUCT_NAME = "$(TARGET_NAME)";
				SWIFT_VERSION = 3.0;
				TEST_HOST = "$(BUILT_PRODUCTS_DIR)/SpeakerTextField.app/SpeakerTextField";
			};
			name = Release;
		};
/* End XCBuildConfiguration section */

/* Begin XCConfigurationList section */
		1370EE461D9D7A8E00581B9B /* Build configuration list for PBXProject "SpeakerTextField" */ = {
			isa = XCConfigurationList;
			buildConfigurations = (
				1370EE661D9D7A8F00581B9B /* Debug */,
				1370EE671D9D7A8F00581B9B /* Release */,
			);
			defaultConfigurationIsVisible = 0;
			defaultConfigurationName = Release;
		};
		1370EE681D9D7A8F00581B9B /* Build configuration list for PBXNativeTarget "SpeakerTextField" */ = {
			isa = XCConfigurationList;
			buildConfigurations = (
				1370EE691D9D7A8F00581B9B /* Debug */,
				1370EE6A1D9D7A8F00581B9B /* Release */,
			);
			defaultConfigurationIsVisible = 0;
			defaultConfigurationName = Release;
		};
		1370EE6B1D9D7A8F00581B9B /* Build configuration list for PBXNativeTarget "SpeakerTextFieldTests" */ = {
			isa = XCConfigurationList;
			buildConfigurations = (
				1370EE6C1D9D7A8F00581B9B /* Debug */,
				1370EE6D1D9D7A8F00581B9B /* Release */,
			);
			defaultConfigurationIsVisible = 0;
			defaultConfigurationName = Release;
		};
/* End XCConfigurationList section */
	};
	rootObject = 1370EE431D9D7A8E00581B9B /* Project object */;
}
